{
  "requires": true,
  "lockfileVersion": 1,
  "dependencies": {
    "babel-plugin-transform-commonjs-es2015-modules": {
      "version": "4.0.1",
      "resolved": "https://registry.npmjs.org/babel-plugin-transform-commonjs-es2015-modules/-/babel-plugin-transform-commonjs-es2015-modules-4.0.1.tgz",
      "integrity": "sha512-8h493ia3xNH5oQmckkQKl/Owtgk+wT6fCT0ZNAjos60YBNDu64UCAtd0mCWJg6N4lGvnmP++CIxWblxaJBdPwg=="
    }
  }
}
